
Microsoft Visual Studio Solution File, Format Version 12.00
# Visual Studio Version 17
VisualStudioVersion = 17.1.32210.238
MinimumVisualStudioVersion = 10.0.40219.1
Project("{FAE04EC0-301F-11D3-BF4B-00C04F79EFBC}") = "ExcelUtilities", "ExcelUtilities\ExcelUtilities.csproj", "{90D6A78C-C3CE-49C2-8B82-7F7F0C38380A}"
EndProject
Project("{FAE04EC0-301F-11D3-BF4B-00C04F79EFBC}") = "ExcelUtilities.Tests", "ExcelUtilities.Tests\ExcelUtilities.Tests.csproj", "{CE6DA01E-6381-4B71-8F62-B8ADB8A24E0E}"
EndProject
Project("{FAE04EC0-301F-11D3-BF4B-00C04F79EFBC}") = "ExcelUtilitiesUsageExample", "ExcelUtilitiesUsageExample\ExcelUtilitiesUsageExample.csproj", "{F83C76BA-8625-4D98-8526-2307CA7464D8}"
EndProject
Global
	GlobalSection(SolutionConfigurationPlatforms) = preSolution
		Debug|Any CPU = Debug|Any CPU
		Release|Any CPU = Release|Any CPU
	EndGlobalSection
	GlobalSection(ProjectConfigurationPlatforms) = postSolution
		{90D6A78C-C3CE-49C2-8B82-7F7F0C38380A}.Debug|Any CPU.ActiveCfg = Debug|Any CPU
		{90D6A78C-C3CE-49C2-8B82-7F7F0C38380A}.Debug|Any CPU.Build.0 = Debug|Any CPU
		{90D6A78C-C3CE-49C2-8B82-7F7F0C38380A}.Release|Any CPU.ActiveCfg = Release|Any CPU
		{90D6A78C-C3CE-49C2-8B82-7F7F0C38380A}.Release|Any CPU.Build.0 = Release|Any CPU
		{CE6DA01E-6381-4B71-8F62-B8ADB8A24E0E}.Debug|Any CPU.ActiveCfg = Debug|Any CPU
		{CE6DA01E-6381-4B71-8F62-B8ADB8A24E0E}.Debug|Any CPU.Build.0 = Debug|Any CPU
		{CE6DA01E-6381-4B71-8F62-B8ADB8A24E0E}.Release|Any CPU.ActiveCfg = Release|Any CPU
		{CE6DA01E-6381-4B71-8F62-B8ADB8A24E0E}.Release|Any CPU.Build.0 = Release|Any CPU
		{F83C76BA-8625-4D98-8526-2307CA7464D8}.Debug|Any CPU.ActiveCfg = Debug|Any CPU
		{F83C76BA-8625-4D98-8526-2307CA7464D8}.Debug|Any CPU.Build.0 = Debug|Any CPU
		{F83C76BA-8625-4D98-8526-2307CA7464D8}.Release|Any CPU.ActiveCfg = Release|Any CPU
		{F83C76BA-8625-4D98-8526-2307CA7464D8}.Release|Any CPU.Build.0 = Release|Any CPU
	EndGlobalSection
	GlobalSection(SolutionProperties) = preSolution
		HideSolutionNode = FALSE
	EndGlobalSection
	GlobalSection(ExtensibilityGlobals) = postSolution
		SolutionGuid = {DEE779EC-5DF1-4B0E-AE86-DA3CF633D393}
	EndGlobalSection
EndGlobal
